
Microsoft Visual Studio Solution File, Format Version 12.00
# Visual Studio Version 17
VisualStudioVersion = 17.12.35506.116
MinimumVisualStudioVersion = 10.0.40219.1
Project("{FAE04EC0-301F-11D3-BF4B-00C04F79EFBC}") = "RemoteManager", "RemoteManager\RemoteManager.csproj", "{531C7D3D-7A70-4FD2-92B9-EE4E51EC036F}"
EndProject
Project("{FAE04EC0-301F-11D3-BF4B-00C04F79EFBC}") = "ComputerClient", "ComputerServer\ComputerClient.csproj", "{B0B09584-6609-4A6E-9419-4EEC7B25DA5B}"
EndProject
Project("{FAE04EC0-301F-11D3-BF4B-00C04F79EFBC}") = "RemoteLanManager", "RemoteLanManager\RemoteLanManager.csproj", "{93C319DD-43DC-4CB0-B064-8122D057F87A}"
EndProject
Project("{FAE04EC0-301F-11D3-BF4B-00C04F79EFBC}") = "Aprotect", "Aprotect\Aprotect.csproj", "{9B022A03-192C-43CD-8929-68AD25759012}"
EndProject
Global
	GlobalSection(SolutionConfigurationPlatforms) = preSolution
		Debug|Any CPU = Debug|Any CPU
		Debug|ARM = Debug|ARM
		Debug|ARM64 = Debug|ARM64
		Debug|x64 = Debug|x64
		Debug|x86 = Debug|x86
		Release|Any CPU = Release|Any CPU
		Release|ARM = Release|ARM
		Release|ARM64 = Release|ARM64
		Release|x64 = Release|x64
		Release|x86 = Release|x86
	EndGlobalSection
	GlobalSection(ProjectConfigurationPlatforms) = postSolution
		{531C7D3D-7A70-4FD2-92B9-EE4E51EC036F}.Debug|Any CPU.ActiveCfg = Debug|Any CPU
		{531C7D3D-7A70-4FD2-92B9-EE4E51EC036F}.Debug|Any CPU.Build.0 = Debug|Any CPU
		{531C7D3D-7A70-4FD2-92B9-EE4E51EC036F}.Debug|ARM.ActiveCfg = Debug|Any CPU
		{531C7D3D-7A70-4FD2-92B9-EE4E51EC036F}.Debug|ARM.Build.0 = Debug|Any CPU
		{531C7D3D-7A70-4FD2-92B9-EE4E51EC036F}.Debug|ARM64.ActiveCfg = Debug|Any CPU
		{531C7D3D-7A70-4FD2-92B9-EE4E51EC036F}.Debug|ARM64.Build.0 = Debug|Any CPU
		{531C7D3D-7A70-4FD2-92B9-EE4E51EC036F}.Debug|x64.ActiveCfg = Debug|Any CPU
		{531C7D3D-7A70-4FD2-92B9-EE4E51EC036F}.Debug|x64.Build.0 = Debug|Any CPU
		{531C7D3D-7A70-4FD2-92B9-EE4E51EC036F}.Debug|x86.ActiveCfg = Debug|Any CPU
		{531C7D3D-7A70-4FD2-92B9-EE4E51EC036F}.Debug|x86.Build.0 = Debug|Any CPU
		{531C7D3D-7A70-4FD2-92B9-EE4E51EC036F}.Release|Any CPU.ActiveCfg = Release|Any CPU
		{531C7D3D-7A70-4FD2-92B9-EE4E51EC036F}.Release|Any CPU.Build.0 = Release|Any CPU
		{531C7D3D-7A70-4FD2-92B9-EE4E51EC036F}.Release|ARM.ActiveCfg = Release|Any CPU
		{531C7D3D-7A70-4FD2-92B9-EE4E51EC036F}.Release|ARM.Build.0 = Release|Any CPU
		{531C7D3D-7A70-4FD2-92B9-EE4E51EC036F}.Release|ARM64.ActiveCfg = Release|Any CPU
		{531C7D3D-7A70-4FD2-92B9-EE4E51EC036F}.Release|ARM64.Build.0 = Release|Any CPU
		{531C7D3D-7A70-4FD2-92B9-EE4E51EC036F}.Release|x64.ActiveCfg = Release|Any CPU
		{531C7D3D-7A70-4FD2-92B9-EE4E51EC036F}.Release|x64.Build.0 = Release|Any CPU
		{531C7D3D-7A70-4FD2-92B9-EE4E51EC036F}.Release|x86.ActiveCfg = Release|Any CPU
		{531C7D3D-7A70-4FD2-92B9-EE4E51EC036F}.Release|x86.Build.0 = Release|Any CPU
		{B0B09584-6609-4A6E-9419-4EEC7B25DA5B}.Debug|Any CPU.ActiveCfg = Debug|Any CPU
		{B0B09584-6609-4A6E-9419-4EEC7B25DA5B}.Debug|Any CPU.Build.0 = Debug|Any CPU
		{B0B09584-6609-4A6E-9419-4EEC7B25DA5B}.Debug|ARM.ActiveCfg = Debug|Any CPU
		{B0B09584-6609-4A6E-9419-4EEC7B25DA5B}.Debug|ARM.Build.0 = Debug|Any CPU
		{B0B09584-6609-4A6E-9419-4EEC7B25DA5B}.Debug|ARM64.ActiveCfg = Debug|Any CPU
		{B0B09584-6609-4A6E-9419-4EEC7B25DA5B}.Debug|ARM64.Build.0 = Debug|Any CPU
		{B0B09584-6609-4A6E-9419-4EEC7B25DA5B}.Debug|x64.ActiveCfg = Debug|Any CPU
		{B0B09584-6609-4A6E-9419-4EEC7B25DA5B}.Debug|x64.Build.0 = Debug|Any CPU
		{B0B09584-6609-4A6E-9419-4EEC7B25DA5B}.Debug|x86.ActiveCfg = Debug|Any CPU
		{B0B09584-6609-4A6E-9419-4EEC7B25DA5B}.Debug|x86.Build.0 = Debug|Any CPU
		{B0B09584-6609-4A6E-9419-4EEC7B25DA5B}.Release|Any CPU.ActiveCfg = Release|Any CPU
		{B0B09584-6609-4A6E-9419-4EEC7B25DA5B}.Release|Any CPU.Build.0 = Release|Any CPU
		{B0B09584-6609-4A6E-9419-4EEC7B25DA5B}.Release|ARM.ActiveCfg = Release|Any CPU
		{B0B09584-6609-4A6E-9419-4EEC7B25DA5B}.Release|ARM.Build.0 = Release|Any CPU
		{B0B09584-6609-4A6E-9419-4EEC7B25DA5B}.Release|ARM64.ActiveCfg = Release|Any CPU
		{B0B09584-6609-4A6E-9419-4EEC7B25DA5B}.Release|ARM64.Build.0 = Release|Any CPU
		{B0B09584-6609-4A6E-9419-4EEC7B25DA5B}.Release|x64.ActiveCfg = Release|Any CPU
		{B0B09584-6609-4A6E-9419-4EEC7B25DA5B}.Release|x64.Build.0 = Release|Any CPU
		{B0B09584-6609-4A6E-9419-4EEC7B25DA5B}.Release|x86.ActiveCfg = Release|Any CPU
		{B0B09584-6609-4A6E-9419-4EEC7B25DA5B}.Release|x86.Build.0 = Release|Any CPU
		{93C319DD-43DC-4CB0-B064-8122D057F87A}.Debug|Any CPU.ActiveCfg = Debug|Any CPU
		{93C319DD-43DC-4CB0-B064-8122D057F87A}.Debug|Any CPU.Build.0 = Debug|Any CPU
		{93C319DD-43DC-4CB0-B064-8122D057F87A}.Debug|ARM.ActiveCfg = Debug|Any CPU
		{93C319DD-43DC-4CB0-B064-8122D057F87A}.Debug|ARM.Build.0 = Debug|Any CPU
		{93C319DD-43DC-4CB0-B064-8122D057F87A}.Debug|ARM64.ActiveCfg = Debug|Any CPU
		{93C319DD-43DC-4CB0-B064-8122D057F87A}.Debug|ARM64.Build.0 = Debug|Any CPU
		{93C319DD-43DC-4CB0-B064-8122D057F87A}.Debug|x64.ActiveCfg = Debug|Any CPU
		{93C319DD-43DC-4CB0-B064-8122D057F87A}.Debug|x64.Build.0 = Debug|Any CPU
		{93C319DD-43DC-4CB0-B064-8122D057F87A}.Debug|x86.ActiveCfg = Debug|Any CPU
		{93C319DD-43DC-4CB0-B064-8122D057F87A}.Debug|x86.Build.0 = Debug|Any CPU
		{93C319DD-43DC-4CB0-B064-8122D057F87A}.Release|Any CPU.ActiveCfg = Release|Any CPU
		{93C319DD-43DC-4CB0-B064-8122D057F87A}.Release|Any CPU.Build.0 = Release|Any CPU
		{93C319DD-43DC-4CB0-B064-8122D057F87A}.Release|ARM.ActiveCfg = Release|Any CPU
		{93C319DD-43DC-4CB0-B064-8122D057F87A}.Release|ARM.Build.0 = Release|Any CPU
		{93C319DD-43DC-4CB0-B064-8122D057F87A}.Release|ARM64.ActiveCfg = Release|Any CPU
		{93C319DD-43DC-4CB0-B064-8122D057F87A}.Release|ARM64.Build.0 = Release|Any CPU
		{93C319DD-43DC-4CB0-B064-8122D057F87A}.Release|x64.ActiveCfg = Release|Any CPU
		{93C319DD-43DC-4CB0-B064-8122D057F87A}.Release|x64.Build.0 = Release|Any CPU
		{93C319DD-43DC-4CB0-B064-8122D057F87A}.Release|x86.ActiveCfg = Release|Any CPU
		{93C319DD-43DC-4CB0-B064-8122D057F87A}.Release|x86.Build.0 = Release|Any CPU
		{9B022A03-192C-43CD-8929-68AD25759012}.Debug|Any CPU.ActiveCfg = Debug|Any CPU
		{9B022A03-192C-43CD-8929-68AD25759012}.Debug|Any CPU.Build.0 = Debug|Any CPU
		{9B022A03-192C-43CD-8929-68AD25759012}.Debug|ARM.ActiveCfg = Debug|Any CPU
		{9B022A03-192C-43CD-8929-68AD25759012}.Debug|ARM.Build.0 = Debug|Any CPU
		{9B022A03-192C-43CD-8929-68AD25759012}.Debug|ARM64.ActiveCfg = Debug|Any CPU
		{9B022A03-192C-43CD-8929-68AD25759012}.Debug|ARM64.Build.0 = Debug|Any CPU
		{9B022A03-192C-43CD-8929-68AD25759012}.Debug|x64.ActiveCfg = Debug|Any CPU
		{9B022A03-192C-43CD-8929-68AD25759012}.Debug|x64.Build.0 = Debug|Any CPU
		{9B022A03-192C-43CD-8929-68AD25759012}.Debug|x86.ActiveCfg = Debug|Any CPU
		{9B022A03-192C-43CD-8929-68AD25759012}.Debug|x86.Build.0 = Debug|Any CPU
		{9B022A03-192C-43CD-8929-68AD25759012}.Release|Any CPU.ActiveCfg = Release|Any CPU
		{9B022A03-192C-43CD-8929-68AD25759012}.Release|Any CPU.Build.0 = Release|Any CPU
		{9B022A03-192C-43CD-8929-68AD25759012}.Release|ARM.ActiveCfg = Release|Any CPU
		{9B022A03-192C-43CD-8929-68AD25759012}.Release|ARM.Build.0 = Release|Any CPU
		{9B022A03-192C-43CD-8929-68AD25759012}.Release|ARM64.ActiveCfg = Release|Any CPU
		{9B022A03-192C-43CD-8929-68AD25759012}.Release|ARM64.Build.0 = Release|Any CPU
		{9B022A03-192C-43CD-8929-68AD25759012}.Release|x64.ActiveCfg = Release|Any CPU
		{9B022A03-192C-43CD-8929-68AD25759012}.Release|x64.Build.0 = Release|Any CPU
		{9B022A03-192C-43CD-8929-68AD25759012}.Release|x86.ActiveCfg = Release|Any CPU
		{9B022A03-192C-43CD-8929-68AD25759012}.Release|x86.Build.0 = Release|Any CPU
	EndGlobalSection
	GlobalSection(SolutionProperties) = preSolution
		HideSolutionNode = FALSE
	EndGlobalSection
	GlobalSection(ExtensibilityGlobals) = postSolution
		SolutionGuid = {44253BA9-AFD9-41D0-9D21-DF6D7D642315}
	EndGlobalSection
EndGlobal
