
Microsoft Visual Studio Solution File, Format Version 12.00
# Visual Studio Version 17
VisualStudioVersion = 17.12.35506.116 d17.12
MinimumVisualStudioVersion = 10.0.40219.1
Project("{FAE04EC0-301F-11D3-BF4B-00C04F79EFBC}") = "ShutDownComputer", "ShutDownComputer\ShutDownComputer.csproj", "{E47F910E-EC8B-4CE7-8EE6-64DCAFBB6D67}"
EndProject
Project("{FAE04EC0-301F-11D3-BF4B-00C04F79EFBC}") = "WakeOnLan", "WakeOnLan\WakeOnLan.csproj", "{C6839636-87C5-496A-B5E8-CCB0BF895A75}"
EndProject
Project("{FAE04EC0-301F-11D3-BF4B-00C04F79EFBC}") = "NetworkScanner", "NetworkScanner\NetworkScanner.csproj", "{A00657D3-8E84-4EDC-8497-EB0271321F4B}"
EndProject
Project("{FAE04EC0-301F-11D3-BF4B-00C04F79EFBC}") = "MainForm", "MainForm\MainForm.csproj", "{FCAE04A3-44B8-438C-AB58-93A63738EF63}"
EndProject
Global
	GlobalSection(SolutionConfigurationPlatforms) = preSolution
		Debug|Any CPU = Debug|Any CPU
		Release|Any CPU = Release|Any CPU
	EndGlobalSection
	GlobalSection(ProjectConfigurationPlatforms) = postSolution
		{E47F910E-EC8B-4CE7-8EE6-64DCAFBB6D67}.Debug|Any CPU.ActiveCfg = Debug|Any CPU
		{E47F910E-EC8B-4CE7-8EE6-64DCAFBB6D67}.Debug|Any CPU.Build.0 = Debug|Any CPU
		{E47F910E-EC8B-4CE7-8EE6-64DCAFBB6D67}.Release|Any CPU.ActiveCfg = Release|Any CPU
		{E47F910E-EC8B-4CE7-8EE6-64DCAFBB6D67}.Release|Any CPU.Build.0 = Release|Any CPU
		{C6839636-87C5-496A-B5E8-CCB0BF895A75}.Debug|Any CPU.ActiveCfg = Debug|Any CPU
		{C6839636-87C5-496A-B5E8-CCB0BF895A75}.Debug|Any CPU.Build.0 = Debug|Any CPU
		{C6839636-87C5-496A-B5E8-CCB0BF895A75}.Release|Any CPU.ActiveCfg = Release|Any CPU
		{C6839636-87C5-496A-B5E8-CCB0BF895A75}.Release|Any CPU.Build.0 = Release|Any CPU
		{A00657D3-8E84-4EDC-8497-EB0271321F4B}.Debug|Any CPU.ActiveCfg = Debug|Any CPU
		{A00657D3-8E84-4EDC-8497-EB0271321F4B}.Debug|Any CPU.Build.0 = Debug|Any CPU
		{A00657D3-8E84-4EDC-8497-EB0271321F4B}.Release|Any CPU.ActiveCfg = Release|Any CPU
		{A00657D3-8E84-4EDC-8497-EB0271321F4B}.Release|Any CPU.Build.0 = Release|Any CPU
		{FCAE04A3-44B8-438C-AB58-93A63738EF63}.Debug|Any CPU.ActiveCfg = Debug|Any CPU
		{FCAE04A3-44B8-438C-AB58-93A63738EF63}.Debug|Any CPU.Build.0 = Debug|Any CPU
		{FCAE04A3-44B8-438C-AB58-93A63738EF63}.Release|Any CPU.ActiveCfg = Release|Any CPU
		{FCAE04A3-44B8-438C-AB58-93A63738EF63}.Release|Any CPU.Build.0 = Release|Any CPU
	EndGlobalSection
	GlobalSection(SolutionProperties) = preSolution
		HideSolutionNode = FALSE
	EndGlobalSection
EndGlobal
